
Microsoft Visual Studio Solution File, Format Version 12.00
# Visual Studio Version 17
VisualStudioVersion = 17.8.34511.84
MinimumVisualStudioVersion = 10.0.40219.1
Project("{FAE04EC0-301F-11D3-BF4B-00C04F79EFBC}") = "GoogleAuthDemo02", "GoogleAuthDemo02\GoogleAuthDemo02.csproj", "{3B122424-C458-47E9-AB95-7B9BAA42C87B}"
EndProject
Global
	GlobalSection(SolutionConfigurationPlatforms) = preSolution
		Debug|Any CPU = Debug|Any CPU
		Release|Any CPU = Release|Any CPU
	EndGlobalSection
	GlobalSection(ProjectConfigurationPlatforms) = postSolution
		{3B122424-C458-47E9-AB95-7B9BAA42C87B}.Debug|Any CPU.ActiveCfg = Debug|Any CPU
		{3B122424-C458-47E9-AB95-7B9BAA42C87B}.Debug|Any CPU.Build.0 = Debug|Any CPU
		{3B122424-C458-47E9-AB95-7B9BAA42C87B}.Release|Any CPU.ActiveCfg = Release|Any CPU
		{3B122424-C458-47E9-AB95-7B9BAA42C87B}.Release|Any CPU.Build.0 = Release|Any CPU
	EndGlobalSection
	GlobalSection(SolutionProperties) = preSolution
		HideSolutionNode = FALSE
	EndGlobalSection
	GlobalSection(ExtensibilityGlobals) = postSolution
		SolutionGuid = {AE6FBBB1-039E-4266-BB1E-B3CF671172BD}
	EndGlobalSection
EndGlobal
